
Microsoft Visual Studio Solution File, Format Version 12.00
# Visual Studio Version 17
VisualStudioVersion = 17.2.32526.322
MinimumVisualStudioVersion = 10.0.40219.1
Project("{FAE04EC0-301F-11D3-BF4B-00C04F79EFBC}") = "Proje12M", "Proje12M\Proje12M.csproj", "{B96AD627-9781-4EE4-9688-30A450287140}"
EndProject
Global
	GlobalSection(SolutionConfigurationPlatforms) = preSolution
		Debug|Any CPU = Debug|Any CPU
		Release|Any CPU = Release|Any CPU
	EndGlobalSection
	GlobalSection(ProjectConfigurationPlatforms) = postSolution
		{B96AD627-9781-4EE4-9688-30A450287140}.Debug|Any CPU.ActiveCfg = Debug|Any CPU
		{B96AD627-9781-4EE4-9688-30A450287140}.Debug|Any CPU.Build.0 = Debug|Any CPU
		{B96AD627-9781-4EE4-9688-30A450287140}.Release|Any CPU.ActiveCfg = Release|Any CPU
		{B96AD627-9781-4EE4-9688-30A450287140}.Release|Any CPU.Build.0 = Release|Any CPU
	EndGlobalSection
	GlobalSection(SolutionProperties) = preSolution
		HideSolutionNode = FALSE
	EndGlobalSection
	GlobalSection(ExtensibilityGlobals) = postSolution
		SolutionGuid = {55D371C3-D91C-4937-A8E9-BA99E709DC87}
	EndGlobalSection
EndGlobal
